# @generated - this file is auto-generated by `mise lock` https://mise.en.dev/dev-tools/mise-lock.html

[[tools.uv]]
version = "0.11.15"
backend = "aqua:astral-sh/uv"

[tools.uv."platforms.linux-arm64"]
checksum = "sha256:6505075cec3f551fad4fe9026922967ff9c895c9f513c97682b24e7a1c9becd3"
url = "https://github.com/astral-sh/uv/releases/download/0.11.15/uv-aarch64-unknown-linux-musl.tar.gz"
provenance = "github-attestations"

[tools.uv."platforms.linux-arm64-musl"]
checksum = "sha256:6505075cec3f551fad4fe9026922967ff9c895c9f513c97682b24e7a1c9becd3"
url = "https://github.com/astral-sh/uv/releases/download/0.11.15/uv-aarch64-unknown-linux-musl.tar.gz"
provenance = "github-attestations"

[tools.uv."platforms.linux-x64"]
checksum = "sha256:200ccf2f351849c5d6698714e7e7eb9ead1e8c097dbdbb43730e1a4e059ceb87"
url = "https://github.com/astral-sh/uv/releases/download/0.11.15/uv-x86_64-unknown-linux-musl.tar.gz"
provenance = "github-attestations"

[tools.uv."platforms.linux-x64-musl"]
checksum = "sha256:200ccf2f351849c5d6698714e7e7eb9ead1e8c097dbdbb43730e1a4e059ceb87"
url = "https://github.com/astral-sh/uv/releases/download/0.11.15/uv-x86_64-unknown-linux-musl.tar.gz"
provenance = "github-attestations"

[tools.uv."platforms.macos-arm64"]
checksum = "sha256:7e5b336108f8576eda1939920ca0a805b4a9a3c3d3eb2f6140e38b7092fbe4f3"
url = "https://github.com/astral-sh/uv/releases/download/0.11.15/uv-aarch64-apple-darwin.tar.gz"
provenance = "github-attestations"

[tools.uv."platforms.macos-x64"]
checksum = "sha256:42bca7cc879d117ed7139a0e26de8cab0b6f033ad439a32144f324d1f8580d8c"
url = "https://github.com/astral-sh/uv/releases/download/0.11.15/uv-x86_64-apple-darwin.tar.gz"
provenance = "github-attestations"

[tools.uv."platforms.windows-x64"]
checksum = "sha256:04b98d414a9000e25e5e0e7c9f53749e66b790cdaffc582829e6f58c544ee11c"
url = "https://github.com/astral-sh/uv/releases/download/0.11.15/uv-x86_64-pc-windows-msvc.zip"
provenance = "github-attestations"
