# @generated - this file is auto-generated by `mise lock` https://mise.en.dev/dev-tools/mise-lock.html

[[tools.uv]]
version = "0.11.33"
backend = "aqua:astral-sh/uv"

[tools.uv."platforms.linux-arm64"]
checksum = "sha256:e256e5cf23f8c2e7d4d83f029acd662cbe7275ff24268ce1d6d2ba9016855268"
url = "https://github.com/astral-sh/uv/releases/download/0.11.33/uv-aarch64-unknown-linux-musl.tar.gz"
url_api = "https://api.github.com/repos/astral-sh/uv/releases/assets/492592458"
provenance = "github-attestations"

[tools.uv."platforms.linux-arm64-musl"]
checksum = "sha256:e256e5cf23f8c2e7d4d83f029acd662cbe7275ff24268ce1d6d2ba9016855268"
url = "https://github.com/astral-sh/uv/releases/download/0.11.33/uv-aarch64-unknown-linux-musl.tar.gz"
url_api = "https://api.github.com/repos/astral-sh/uv/releases/assets/492592458"
provenance = "github-attestations"

[tools.uv."platforms.linux-x64"]
checksum = "sha256:3e95b84d8a8b3390c91584d4fd0c4d326e951da2b8fb15a76719368af2795424"
url = "https://github.com/astral-sh/uv/releases/download/0.11.33/uv-x86_64-unknown-linux-musl.tar.gz"
url_api = "https://api.github.com/repos/astral-sh/uv/releases/assets/492592538"
provenance = "github-attestations"

[tools.uv."platforms.linux-x64-musl"]
checksum = "sha256:3e95b84d8a8b3390c91584d4fd0c4d326e951da2b8fb15a76719368af2795424"
url = "https://github.com/astral-sh/uv/releases/download/0.11.33/uv-x86_64-unknown-linux-musl.tar.gz"
url_api = "https://api.github.com/repos/astral-sh/uv/releases/assets/492592538"
provenance = "github-attestations"

[tools.uv."platforms.macos-arm64"]
checksum = "sha256:d75e3d2bfc203d17388edaabd3aa37958edbcbfc36219e3ee0d31bb080b4baa2"
url = "https://github.com/astral-sh/uv/releases/download/0.11.33/uv-aarch64-apple-darwin.tar.gz"
url_api = "https://api.github.com/repos/astral-sh/uv/releases/assets/492592443"
provenance = "github-attestations"

[tools.uv."platforms.macos-x64"]
checksum = "sha256:f1b919f740bd6be1d014ff58c4271b0779a32198adfb19ad9c5d1c4d9b2b4301"
url = "https://github.com/astral-sh/uv/releases/download/0.11.33/uv-x86_64-apple-darwin.tar.gz"
url_api = "https://api.github.com/repos/astral-sh/uv/releases/assets/492592523"
provenance = "github-attestations"

[tools.uv."platforms.windows-x64"]
checksum = "sha256:c253ce868ad48d29327b661452ce184c9e333e6d6f5bc8d6fcfbf4dd52b83442"
url = "https://github.com/astral-sh/uv/releases/download/0.11.33/uv-x86_64-pc-windows-msvc.zip"
url_api = "https://api.github.com/repos/astral-sh/uv/releases/assets/492592527"
provenance = "github-attestations"
