# @generated - this file is auto-generated by `mise lock` https://mise.en.dev/dev-tools/mise-lock.html

[[tools.uv]]
version = "0.11.17"
backend = "aqua:astral-sh/uv"

[tools.uv."platforms.linux-arm64"]
checksum = "sha256:9e5eaf16ffad968fc689f18c2733ace914ed417d4e5572e92d807fd51a90228c"
url = "https://github.com/astral-sh/uv/releases/download/0.11.17/uv-aarch64-unknown-linux-musl.tar.gz"
provenance = "github-attestations"

[tools.uv."platforms.linux-arm64-musl"]
checksum = "sha256:9e5eaf16ffad968fc689f18c2733ace914ed417d4e5572e92d807fd51a90228c"
url = "https://github.com/astral-sh/uv/releases/download/0.11.17/uv-aarch64-unknown-linux-musl.tar.gz"
provenance = "github-attestations"

[tools.uv."platforms.linux-x64"]
checksum = "sha256:4231a429d4e0f7c1937d8916658c08a7706cd7872afebeb87203a18c2e0dc28e"
url = "https://github.com/astral-sh/uv/releases/download/0.11.17/uv-x86_64-unknown-linux-musl.tar.gz"
provenance = "github-attestations"

[tools.uv."platforms.linux-x64-musl"]
checksum = "sha256:4231a429d4e0f7c1937d8916658c08a7706cd7872afebeb87203a18c2e0dc28e"
url = "https://github.com/astral-sh/uv/releases/download/0.11.17/uv-x86_64-unknown-linux-musl.tar.gz"
provenance = "github-attestations"

[tools.uv."platforms.macos-arm64"]
checksum = "sha256:2a162f6b90ff3691a2f9cae1622e066a3ce592e110f66670cdcc841324b28226"
url = "https://github.com/astral-sh/uv/releases/download/0.11.17/uv-aarch64-apple-darwin.tar.gz"
provenance = "github-attestations"

[tools.uv."platforms.macos-x64"]
checksum = "sha256:6c66e41eaf4d15abeda58d3f268161b6e3f742d98390341b174a7cfc1b48841d"
url = "https://github.com/astral-sh/uv/releases/download/0.11.17/uv-x86_64-apple-darwin.tar.gz"
provenance = "github-attestations"

[tools.uv."platforms.windows-x64"]
checksum = "sha256:35fc29e03e62f3cda769bc12773f3cb70ce305d0d36c0d8bd0c117dd0b3fcd14"
url = "https://github.com/astral-sh/uv/releases/download/0.11.17/uv-x86_64-pc-windows-msvc.zip"
provenance = "github-attestations"
