# @generated - this file is auto-generated by `mise lock` https://mise.jdx.dev/dev-tools/mise-lock.html

[[tools.bun]]
version = "1.3.12"
backend = "core:bun"

[tools.bun."platforms.linux-arm64"]
checksum = "sha256:c40bc0ebca11bde7d75af497a654a874d0c7fd8d6a8d6031c173c10c9064297b"
url = "https://github.com/oven-sh/bun/releases/download/bun-v1.3.12/bun-linux-aarch64.zip"

[tools.bun."platforms.linux-arm64-musl"]
checksum = "sha256:731baab945bc471c17248ea375e66f71442879d2595c54045b3e861f4e8b9ab1"
url = "https://github.com/oven-sh/bun/releases/download/bun-v1.3.12/bun-linux-aarch64-musl.zip"

[tools.bun."platforms.linux-x64"]
checksum = "sha256:11dc3ee11bc1695e149737c6ca3d5619302cf4346e6b8a6ec7988967ef01ddc5"
url = "https://github.com/oven-sh/bun/releases/download/bun-v1.3.12/bun-linux-x64.zip"

[tools.bun."platforms.linux-x64-baseline"]
checksum = "sha256:f8bb377a9ae93d44697ff91a2611164d2aedc9263415d623b0c3af24a6f55dab"
url = "https://github.com/oven-sh/bun/releases/download/bun-v1.3.12/bun-linux-x64-baseline.zip"

[tools.bun."platforms.linux-x64-musl"]
checksum = "sha256:5a9f9a2102d4bd0d5210b4f6bd345151d2310623947085177c1b306e8587dce6"
url = "https://github.com/oven-sh/bun/releases/download/bun-v1.3.12/bun-linux-x64-musl.zip"

[tools.bun."platforms.linux-x64-musl-baseline"]
checksum = "sha256:a95e079aef96f1387b86e27b69f9a6babbd08154d9a59483f29d9de285b8e3ad"
url = "https://github.com/oven-sh/bun/releases/download/bun-v1.3.12/bun-linux-x64-musl-baseline.zip"

[tools.bun."platforms.macos-arm64"]
checksum = "sha256:6c4bb87dd013ed1a8d6a16e357a3d094959fd5530b4d7061f7f3680c3c7cea1c"
url = "https://github.com/oven-sh/bun/releases/download/bun-v1.3.12/bun-darwin-aarch64.zip"

[tools.bun."platforms.macos-x64"]
checksum = "sha256:0f58c53a3e7947f1e626d2f8d285f97c14b7cadcca9c09ebafc0ae9d35b58c3d"
url = "https://github.com/oven-sh/bun/releases/download/bun-v1.3.12/bun-darwin-x64.zip"

[tools.bun."platforms.macos-x64-baseline"]
checksum = "sha256:cc4e22130c2bc2d944d3a286de08f2ed37fa74136e59760f3a4661e610246474"
url = "https://github.com/oven-sh/bun/releases/download/bun-v1.3.12/bun-darwin-x64-baseline.zip"

[tools.bun."platforms.windows-x64"]
checksum = "sha256:841ff9c5dffcaa3a2620d1e3f87ee500f32a4ca830b001cade7a3479609d4a89"
url = "https://github.com/oven-sh/bun/releases/download/bun-v1.3.12/bun-windows-x64.zip"

[tools.bun."platforms.windows-x64-baseline"]
checksum = "sha256:2d3d5f88a95943563f56f3643c8f4e2422261018f6d915329bb2fb33f7256ba2"
url = "https://github.com/oven-sh/bun/releases/download/bun-v1.3.12/bun-windows-x64-baseline.zip"

[[tools.gemini-cli]]
version = "0.37.1"
backend = "npm:@google/gemini-cli"

[[tools.java]]
version = "temurin-21.0.10+7.0.LTS"
backend = "core:java"

[[tools.node]]
version = "22.14.0"
backend = "core:node"

[tools.node."platforms.linux-arm64"]
checksum = "sha256:8cf30ff7250f9463b53c18f89c6c606dfda70378215b2c905d0a9a8b08bd45e0"
url = "https://nodejs.org/dist/v22.14.0/node-v22.14.0-linux-arm64.tar.gz"

[tools.node."platforms.linux-arm64-musl"]
checksum = "sha256:8cf30ff7250f9463b53c18f89c6c606dfda70378215b2c905d0a9a8b08bd45e0"
url = "https://nodejs.org/dist/v22.14.0/node-v22.14.0-linux-arm64.tar.gz"

[tools.node."platforms.linux-x64"]
checksum = "sha256:9d942932535988091034dc94cc5f42b6dc8784d6366df3a36c4c9ccb3996f0c2"
url = "https://nodejs.org/dist/v22.14.0/node-v22.14.0-linux-x64.tar.gz"

[tools.node."platforms.linux-x64-baseline"]
checksum = "sha256:9d942932535988091034dc94cc5f42b6dc8784d6366df3a36c4c9ccb3996f0c2"
url = "https://nodejs.org/dist/v22.14.0/node-v22.14.0-linux-x64.tar.gz"

[tools.node."platforms.linux-x64-musl"]
checksum = "sha256:9d942932535988091034dc94cc5f42b6dc8784d6366df3a36c4c9ccb3996f0c2"
url = "https://nodejs.org/dist/v22.14.0/node-v22.14.0-linux-x64.tar.gz"

[tools.node."platforms.linux-x64-musl-baseline"]
checksum = "sha256:9d942932535988091034dc94cc5f42b6dc8784d6366df3a36c4c9ccb3996f0c2"
url = "https://nodejs.org/dist/v22.14.0/node-v22.14.0-linux-x64.tar.gz"

[tools.node."platforms.macos-arm64"]
checksum = "sha256:e9404633bc02a5162c5c573b1e2490f5fb44648345d64a958b17e325729a5e42"
url = "https://nodejs.org/dist/v22.14.0/node-v22.14.0-darwin-arm64.tar.gz"

[tools.node."platforms.macos-x64"]
checksum = "sha256:6698587713ab565a94a360e091df9f6d91c8fadda6d00f0cf6526e9b40bed250"
url = "https://nodejs.org/dist/v22.14.0/node-v22.14.0-darwin-x64.tar.gz"

[tools.node."platforms.macos-x64-baseline"]
checksum = "sha256:6698587713ab565a94a360e091df9f6d91c8fadda6d00f0cf6526e9b40bed250"
url = "https://nodejs.org/dist/v22.14.0/node-v22.14.0-darwin-x64.tar.gz"

[tools.node."platforms.windows-x64"]
checksum = "sha256:55b639295920b219bb2acbcfa00f90393a2789095b7323f79475c9f34795f217"
url = "https://nodejs.org/dist/v22.14.0/node-v22.14.0-win-x64.zip"

[tools.node."platforms.windows-x64-baseline"]
checksum = "sha256:55b639295920b219bb2acbcfa00f90393a2789095b7323f79475c9f34795f217"
url = "https://nodejs.org/dist/v22.14.0/node-v22.14.0-win-x64.zip"

[[tools."npm:@google/gemini-cli"]]
version = "0.35.3"
backend = "npm:@google/gemini-cli"

[[tools.pnpm]]
version = "10.33.0"
backend = "aqua:pnpm/pnpm"

[tools.pnpm."platforms.linux-arm64"]
checksum = "sha256:06755ad2817548b84317d857d5c8003dc6e9e28416a3ea7467256c49ab400d48"
url = "https://github.com/pnpm/pnpm/releases/download/v10.33.0/pnpm-linux-arm64"

[tools.pnpm."platforms.linux-arm64-musl"]
checksum = "sha256:06755ad2817548b84317d857d5c8003dc6e9e28416a3ea7467256c49ab400d48"
url = "https://github.com/pnpm/pnpm/releases/download/v10.33.0/pnpm-linux-arm64"

[tools.pnpm."platforms.linux-x64"]
checksum = "sha256:8d4e8f7d778e8ac482022e2577011706a872542f6f6f233e795a4d9f978ea8b5"
url = "https://github.com/pnpm/pnpm/releases/download/v10.33.0/pnpm-linux-x64"

[tools.pnpm."platforms.linux-x64-baseline"]
checksum = "sha256:8d4e8f7d778e8ac482022e2577011706a872542f6f6f233e795a4d9f978ea8b5"
url = "https://github.com/pnpm/pnpm/releases/download/v10.33.0/pnpm-linux-x64"

[tools.pnpm."platforms.linux-x64-musl"]
checksum = "sha256:8d4e8f7d778e8ac482022e2577011706a872542f6f6f233e795a4d9f978ea8b5"
url = "https://github.com/pnpm/pnpm/releases/download/v10.33.0/pnpm-linux-x64"

[tools.pnpm."platforms.linux-x64-musl-baseline"]
checksum = "sha256:8d4e8f7d778e8ac482022e2577011706a872542f6f6f233e795a4d9f978ea8b5"
url = "https://github.com/pnpm/pnpm/releases/download/v10.33.0/pnpm-linux-x64"

[tools.pnpm."platforms.macos-arm64"]
checksum = "sha256:ed8a1f140f4de457b01ebe0be3ae28e9a7e28863315dcd53d22ff1e5a32d63ae"
url = "https://github.com/pnpm/pnpm/releases/download/v10.33.0/pnpm-macos-arm64"

[tools.pnpm."platforms.macos-x64"]
checksum = "sha256:c31e29554b0e3f4e03f4617195c949595e4dca36085922003de4896c3ca4057d"
url = "https://github.com/pnpm/pnpm/releases/download/v10.33.0/pnpm-macos-x64"

[tools.pnpm."platforms.macos-x64-baseline"]
checksum = "sha256:c31e29554b0e3f4e03f4617195c949595e4dca36085922003de4896c3ca4057d"
url = "https://github.com/pnpm/pnpm/releases/download/v10.33.0/pnpm-macos-x64"

[tools.pnpm."platforms.windows-x64"]
checksum = "sha256:afc96009dc39fe23a835d65192049e6a995f342496b175585dc2beda7d42d33f"
url = "https://github.com/pnpm/pnpm/releases/download/v10.33.0/pnpm-win-x64.exe"

[tools.pnpm."platforms.windows-x64-baseline"]
checksum = "sha256:afc96009dc39fe23a835d65192049e6a995f342496b175585dc2beda7d42d33f"
url = "https://github.com/pnpm/pnpm/releases/download/v10.33.0/pnpm-win-x64.exe"

[[tools.python]]
version = "3.14.4"
backend = "core:python"

[tools.python."platforms.linux-arm64"]
checksum = "sha256:b8b597fdb2f8dccdc502c11947b60a4b65eb6bce79cfa60c7ccf9b6e8352c60a"
url = "https://github.com/astral-sh/python-build-standalone/releases/download/20260414/cpython-3.14.4+20260414-aarch64-unknown-linux-gnu-install_only_stripped.tar.gz"
provenance = "github-attestations"

[tools.python."platforms.linux-arm64-musl"]
checksum = "sha256:b8b597fdb2f8dccdc502c11947b60a4b65eb6bce79cfa60c7ccf9b6e8352c60a"
url = "https://github.com/astral-sh/python-build-standalone/releases/download/20260414/cpython-3.14.4+20260414-aarch64-unknown-linux-gnu-install_only_stripped.tar.gz"
provenance = "github-attestations"

[tools.python."platforms.linux-x64"]
checksum = "sha256:fe9a9c32d13870af632cbac3dfc7528ae53597e94472aa4c7d6a42e8166136cd"
url = "https://github.com/astral-sh/python-build-standalone/releases/download/20260414/cpython-3.14.4+20260414-x86_64-unknown-linux-gnu-install_only_stripped.tar.gz"
provenance = "github-attestations"

[tools.python."platforms.linux-x64-baseline"]
checksum = "sha256:fe9a9c32d13870af632cbac3dfc7528ae53597e94472aa4c7d6a42e8166136cd"
url = "https://github.com/astral-sh/python-build-standalone/releases/download/20260414/cpython-3.14.4+20260414-x86_64-unknown-linux-gnu-install_only_stripped.tar.gz"
provenance = "github-attestations"

[tools.python."platforms.linux-x64-musl"]
checksum = "sha256:fe9a9c32d13870af632cbac3dfc7528ae53597e94472aa4c7d6a42e8166136cd"
url = "https://github.com/astral-sh/python-build-standalone/releases/download/20260414/cpython-3.14.4+20260414-x86_64-unknown-linux-gnu-install_only_stripped.tar.gz"
provenance = "github-attestations"

[tools.python."platforms.linux-x64-musl-baseline"]
checksum = "sha256:fe9a9c32d13870af632cbac3dfc7528ae53597e94472aa4c7d6a42e8166136cd"
url = "https://github.com/astral-sh/python-build-standalone/releases/download/20260414/cpython-3.14.4+20260414-x86_64-unknown-linux-gnu-install_only_stripped.tar.gz"
provenance = "github-attestations"

[tools.python."platforms.macos-arm64"]
checksum = "sha256:6f304f4ec30854611f23316578302235fb517cd970519ecdd11a8c4db87fd843"
url = "https://github.com/astral-sh/python-build-standalone/releases/download/20260414/cpython-3.14.4+20260414-aarch64-apple-darwin-install_only_stripped.tar.gz"
provenance = "github-attestations"

[tools.python."platforms.macos-x64"]
checksum = "sha256:d51250a32fa5d9f0799c7bcb71720c27b10a3afd4a7de288120f96085d508a5a"
url = "https://github.com/astral-sh/python-build-standalone/releases/download/20260414/cpython-3.14.4+20260414-x86_64-apple-darwin-install_only_stripped.tar.gz"
provenance = "github-attestations"

[tools.python."platforms.macos-x64-baseline"]
checksum = "sha256:d51250a32fa5d9f0799c7bcb71720c27b10a3afd4a7de288120f96085d508a5a"
url = "https://github.com/astral-sh/python-build-standalone/releases/download/20260414/cpython-3.14.4+20260414-x86_64-apple-darwin-install_only_stripped.tar.gz"
provenance = "github-attestations"

[tools.python."platforms.windows-x64"]
checksum = "sha256:a976991dcd085c1bb5d9a8084823a6bc8b7f9b079d8c432574a6ddd68c3a6fe1"
url = "https://github.com/astral-sh/python-build-standalone/releases/download/20260414/cpython-3.14.4+20260414-x86_64-pc-windows-msvc-install_only_stripped.tar.gz"
provenance = "github-attestations"

[tools.python."platforms.windows-x64-baseline"]
checksum = "sha256:a976991dcd085c1bb5d9a8084823a6bc8b7f9b079d8c432574a6ddd68c3a6fe1"
url = "https://github.com/astral-sh/python-build-standalone/releases/download/20260414/cpython-3.14.4+20260414-x86_64-pc-windows-msvc-install_only_stripped.tar.gz"
provenance = "github-attestations"

[[tools.rust]]
version = "1.94.0"
backend = "core:rust"

[[tools.uv]]
version = "0.11.3"
backend = "aqua:astral-sh/uv"

[tools.uv."platforms.linux-arm64"]
checksum = "sha256:8ecec82cb9a744d5fabff6d16d7777218a7730f699d2aa0d2f751c17858e2efa"
url = "https://github.com/astral-sh/uv/releases/download/0.11.3/uv-aarch64-unknown-linux-musl.tar.gz"
provenance = "github-attestations"

[tools.uv."platforms.linux-arm64-musl"]
checksum = "sha256:8ecec82cb9a744d5fabff6d16d7777218a7730f699d2aa0d2f751c17858e2efa"
url = "https://github.com/astral-sh/uv/releases/download/0.11.3/uv-aarch64-unknown-linux-musl.tar.gz"
provenance = "github-attestations"

[tools.uv."platforms.linux-x64"]
checksum = "sha256:8b40cf16b849634b81a530a3d0a0bcae5f24996ef9ae782976fd69b6266d3b8e"
url = "https://github.com/astral-sh/uv/releases/download/0.11.3/uv-x86_64-unknown-linux-musl.tar.gz"
provenance = "github-attestations"

[tools.uv."platforms.linux-x64-baseline"]
checksum = "sha256:8b40cf16b849634b81a530a3d0a0bcae5f24996ef9ae782976fd69b6266d3b8e"
url = "https://github.com/astral-sh/uv/releases/download/0.11.3/uv-x86_64-unknown-linux-musl.tar.gz"
provenance = "github-attestations"

[tools.uv."platforms.linux-x64-musl"]
checksum = "sha256:8b40cf16b849634b81a530a3d0a0bcae5f24996ef9ae782976fd69b6266d3b8e"
url = "https://github.com/astral-sh/uv/releases/download/0.11.3/uv-x86_64-unknown-linux-musl.tar.gz"
provenance = "github-attestations"

[tools.uv."platforms.linux-x64-musl-baseline"]
checksum = "sha256:8b40cf16b849634b81a530a3d0a0bcae5f24996ef9ae782976fd69b6266d3b8e"
url = "https://github.com/astral-sh/uv/releases/download/0.11.3/uv-x86_64-unknown-linux-musl.tar.gz"
provenance = "github-attestations"

[tools.uv."platforms.macos-arm64"]
checksum = "sha256:2bc3d0c7bf2bd08325b1e170abac6f7e5b3346e1d4eab3370d17cefec934996f"
url = "https://github.com/astral-sh/uv/releases/download/0.11.3/uv-aarch64-apple-darwin.tar.gz"
provenance = "github-attestations"

[tools.uv."platforms.macos-x64"]
checksum = "sha256:b0e05e0b43a000fdc2132ee3f3400ba5dee427bc2337d3ec4eb8cf4f3d5722af"
url = "https://github.com/astral-sh/uv/releases/download/0.11.3/uv-x86_64-apple-darwin.tar.gz"
provenance = "github-attestations"

[tools.uv."platforms.macos-x64-baseline"]
checksum = "sha256:b0e05e0b43a000fdc2132ee3f3400ba5dee427bc2337d3ec4eb8cf4f3d5722af"
url = "https://github.com/astral-sh/uv/releases/download/0.11.3/uv-x86_64-apple-darwin.tar.gz"
provenance = "github-attestations"

[tools.uv."platforms.windows-x64"]
checksum = "sha256:ae681c0aaec7cc96af184648cb88d73f8393ed60fa5880abdd6bdb910f9b227c"
url = "https://github.com/astral-sh/uv/releases/download/0.11.3/uv-x86_64-pc-windows-msvc.zip"
provenance = "github-attestations"

[tools.uv."platforms.windows-x64-baseline"]
checksum = "sha256:ae681c0aaec7cc96af184648cb88d73f8393ed60fa5880abdd6bdb910f9b227c"
url = "https://github.com/astral-sh/uv/releases/download/0.11.3/uv-x86_64-pc-windows-msvc.zip"
provenance = "github-attestations"
